// !$*UTF8*$!
{
	archiveVersion = 1;
	classes = {
	};
	objectVersion = 77;
	objects = {

/* Begin PBXBuildFile section */
		21C97C2B2D6F17DB00E6D0C8 /* OpenMeteoSdk in Frameworks */ = {isa = PBXBuildFile; productRef = 21C97C2A2D6F17DB00E6D0C8 /* OpenMeteoSdk */; };
		21C97C342D6F559200E6D0C8 /* ArcGISToolkit in Frameworks */ = {isa = PBXBuildFile; productRef = 21C97C332D6F559200E6D0C8 /* ArcGISToolkit */; };
		21D97DF52D4793F000A4B1B8 /* ArcGIS in Frameworks */ = {isa = PBXBuildFile; productRef = 21D97DF42D4793F000A4B1B8 /* ArcGIS */; };
/* End PBXBuildFile section */

/* Begin PBXContainerItemProxy section */
		21D97DD72D47933E00A4B1B8 /* PBXContainerItemProxy */ = {
			isa = PBXContainerItemProxy;
			containerPortal = 21D97DBC2D47933D00A4B1B8 /* Project object */;
			proxyType = 1;
			remoteGlobalIDString = 21D97DC32D47933D00A4B1B8;
			remoteInfo = MyPlaces;
		};
		21D97DE12D47933E00A4B1B8 /* PBXContainerItemProxy */ = {
			isa = PBXContainerItemProxy;
			containerPortal = 21D97DBC2D47933D00A4B1B8 /* Project object */;
			proxyType = 1;
			remoteGlobalIDString = 21D97DC32D47933D00A4B1B8;
			remoteInfo = MyPlaces;
		};
/* End PBXContainerItemProxy section */

/* Begin PBXFileReference section */
		21D97DC42D47933D00A4B1B8 /* MyPlaces.app */ = {isa = PBXFileReference; explicitFileType = wrapper.application; includeInIndex = 0; path = MyPlaces.app; sourceTree = BUILT_PRODUCTS_DIR; };
		21D97DD62D47933E00A4B1B8 /* MyPlacesTests.xctest */ = {isa = PBXFileReference; explicitFileType = wrapper.cfbundle; includeInIndex = 0; path = MyPlacesTests.xctest; sourceTree = BUILT_PRODUCTS_DIR; };
		21D97DE02D47933E00A4B1B8 /* MyPlacesUITests.xctest */ = {isa = PBXFileReference; explicitFileType = wrapper.cfbundle; includeInIndex = 0; path = MyPlacesUITests.xctest; sourceTree = BUILT_PRODUCTS_DIR; };
/* End PBXFileReference section */

/* Begin PBXFileSystemSynchronizedBuildFileExceptionSet section */
		21FC90EA2DAD164400656119 /* Exceptions for "MyPlaces" folder in "MyPlacesTests" target */ = {
			isa = PBXFileSystemSynchronizedBuildFileExceptionSet;
			membershipExceptions = (
				Models/ContentViewModel.swift,
				Models/POIModel.swift,
				MyPlacesApp.swift,
			);
			target = 21D97DD52D47933E00A4B1B8 /* MyPlacesTests */;
		};
		21FC90EB2DAD164400656119 /* Exceptions for "MyPlaces" folder in "MyPlacesUITests" target */ = {
			isa = PBXFileSystemSynchronizedBuildFileExceptionSet;
			membershipExceptions = (
				Models/ContentViewModel.swift,
				Models/POIModel.swift,
				MyPlacesApp.swift,
			);
			target = 21D97DDF2D47933E00A4B1B8 /* MyPlacesUITests */;
		};
/* End PBXFileSystemSynchronizedBuildFileExceptionSet section */

/* Begin PBXFileSystemSynchronizedRootGroup section */
		21D97DC62D47933D00A4B1B8 /* MyPlaces */ = {
			isa = PBXFileSystemSynchronizedRootGroup;
			exceptions = (
				21FC90EA2DAD164400656119 /* Exceptions for "MyPlaces" folder in "MyPlacesTests" target */,
				21FC90EB2DAD164400656119 /* Exceptions for "MyPlaces" folder in "MyPlacesUITests" target */,
			);
			path = MyPlaces;
			sourceTree = "<group>";
		};
		21D97DD92D47933E00A4B1B8 /* MyPlacesTests */ = {
			isa = PBXFileSystemSynchronizedRootGroup;
			path = MyPlacesTests;
			sourceTree = "<group>";
		};
		21D97DE32D47933E00A4B1B8 /* MyPlacesUITests */ = {
			isa = PBXFileSystemSynchronizedRootGroup;
			path = MyPlacesUITests;
			sourceTree = "<group>";
		};
/* End PBXFileSystemSynchronizedRootGroup section */

/* Begin PBXFrameworksBuildPhase section */
		21D97DC12D47933D00A4B1B8 /* Frameworks */ = {
			isa = PBXFrameworksBuildPhase;
			buildActionMask = 2147483647;
			files = (
				21C97C342D6F559200E6D0C8 /* ArcGISToolkit in Frameworks */,
				21C97C2B2D6F17DB00E6D0C8 /* OpenMeteoSdk in Frameworks */,
				21D97DF52D4793F000A4B1B8 /* ArcGIS in Frameworks */,
			);
			runOnlyForDeploymentPostprocessing = 0;
		};
		21D97DD32D47933E00A4B1B8 /* Frameworks */ = {
			isa = PBXFrameworksBuildPhase;
			buildActionMask = 2147483647;
			files = (
			);
			runOnlyForDeploymentPostprocessing = 0;
		};
		21D97DDD2D47933E00A4B1B8 /* Frameworks */ = {
			isa = PBXFrameworksBuildPhase;
			buildActionMask = 2147483647;
			files = (
			);
			runOnlyForDeploymentPostprocessing = 0;
		};
/* End PBXFrameworksBuildPhase section */

/* Begin PBXGroup section */
		21D97DBB2D47933D00A4B1B8 = {
			isa = PBXGroup;
			children = (
				21D97DC62D47933D00A4B1B8 /* MyPlaces */,
				21D97DD92D47933E00A4B1B8 /* MyPlacesTests */,
				21D97DE32D47933E00A4B1B8 /* MyPlacesUITests */,
				21D97DC52D47933D00A4B1B8 /* Products */,
			);
			sourceTree = "<group>";
		};
		21D97DC52D47933D00A4B1B8 /* Products */ = {
			isa = PBXGroup;
			children = (
				21D97DC42D47933D00A4B1B8 /* MyPlaces.app */,
				21D97DD62D47933E00A4B1B8 /* MyPlacesTests.xctest */,
				21D97DE02D47933E00A4B1B8 /* MyPlacesUITests.xctest */,
			);
			name = Products;
			sourceTree = "<group>";
		};
/* End PBXGroup section */

/* Begin PBXNativeTarget section */
		21D97DC32D47933D00A4B1B8 /* MyPlaces */ = {
			isa = PBXNativeTarget;
			buildConfigurationList = 21D97DEA2D47933E00A4B1B8 /* Build configuration list for PBXNativeTarget "MyPlaces" */;
			buildPhases = (
				21D97DC02D47933D00A4B1B8 /* Sources */,
				21D97DC12D47933D00A4B1B8 /* Frameworks */,
				21D97DC22D47933D00A4B1B8 /* Resources */,
			);
			buildRules = (
			);
			dependencies = (
			);
			fileSystemSynchronizedGroups = (
				21D97DC62D47933D00A4B1B8 /* MyPlaces */,
			);
			name = MyPlaces;
			packageProductDependencies = (
				21D97DF42D4793F000A4B1B8 /* ArcGIS */,
				21C97C2A2D6F17DB00E6D0C8 /* OpenMeteoSdk */,
				21C97C332D6F559200E6D0C8 /* ArcGISToolkit */,
			);
			productName = MyPlaces;
			productReference = 21D97DC42D47933D00A4B1B8 /* MyPlaces.app */;
			productType = "com.apple.product-type.application";
		};
		21D97DD52D47933E00A4B1B8 /* MyPlacesTests */ = {
			isa = PBXNativeTarget;
			buildConfigurationList = 21D97DED2D47933E00A4B1B8 /* Build configuration list for PBXNativeTarget "MyPlacesTests" */;
			buildPhases = (
				21D97DD22D47933E00A4B1B8 /* Sources */,
				21D97DD32D47933E00A4B1B8 /* Frameworks */,
				21D97DD42D47933E00A4B1B8 /* Resources */,
			);
			buildRules = (
			);
			dependencies = (
				21D97DD82D47933E00A4B1B8 /* PBXTargetDependency */,
			);
			fileSystemSynchronizedGroups = (
				21D97DD92D47933E00A4B1B8 /* MyPlacesTests */,
			);
			name = MyPlacesTests;
			packageProductDependencies = (
			);
			productName = MyPlacesTests;
			productReference = 21D97DD62D47933E00A4B1B8 /* MyPlacesTests.xctest */;
			productType = "com.apple.product-type.bundle.unit-test";
		};
		21D97DDF2D47933E00A4B1B8 /* MyPlacesUITests */ = {
			isa = PBXNativeTarget;
			buildConfigurationList = 21D97DF02D47933E00A4B1B8 /* Build configuration list for PBXNativeTarget "MyPlacesUITests" */;
			buildPhases = (
				21D97DDC2D47933E00A4B1B8 /* Sources */,
				21D97DDD2D47933E00A4B1B8 /* Frameworks */,
				21D97DDE2D47933E00A4B1B8 /* Resources */,
			);
			buildRules = (
			);
			dependencies = (
				21D97DE22D47933E00A4B1B8 /* PBXTargetDependency */,
			);
			fileSystemSynchronizedGroups = (
				21D97DE32D47933E00A4B1B8 /* MyPlacesUITests */,
			);
			name = MyPlacesUITests;
			packageProductDependencies = (
			);
			productName = MyPlacesUITests;
			productReference = 21D97DE02D47933E00A4B1B8 /* MyPlacesUITests.xctest */;
			productType = "com.apple.product-type.bundle.ui-testing";
		};
/* End PBXNativeTarget section */

/* Begin PBXProject section */
		21D97DBC2D47933D00A4B1B8 /* Project object */ = {
			isa = PBXProject;
			attributes = {
				BuildIndependentTargetsInParallel = 1;
				LastSwiftUpdateCheck = 1620;
				LastUpgradeCheck = 1630;
				TargetAttributes = {
					21D97DC32D47933D00A4B1B8 = {
						CreatedOnToolsVersion = 16.2;
					};
					21D97DD52D47933E00A4B1B8 = {
						CreatedOnToolsVersion = 16.2;
						TestTargetID = 21D97DC32D47933D00A4B1B8;
					};
					21D97DDF2D47933E00A4B1B8 = {
						CreatedOnToolsVersion = 16.2;
						TestTargetID = 21D97DC32D47933D00A4B1B8;
					};
				};
			};
			buildConfigurationList = 21D97DBF2D47933D00A4B1B8 /* Build configuration list for PBXProject "MyPlaces" */;
			developmentRegion = en;
			hasScannedForEncodings = 0;
			knownRegions = (
				en,
				Base,
			);
			mainGroup = 21D97DBB2D47933D00A4B1B8;
			minimizedProjectReferenceProxies = 1;
			packageReferences = (
				21D97DF32D4793F000A4B1B8 /* XCRemoteSwiftPackageReference "arcgis-maps-sdk-swift" */,
				21C97C292D6F17DB00E6D0C8 /* XCRemoteSwiftPackageReference "sdk" */,
				21C97C322D6F559200E6D0C8 /* XCRemoteSwiftPackageReference "arcgis-maps-sdk-swift-toolkit" */,
			);
			preferredProjectObjectVersion = 77;
			productRefGroup = 21D97DC52D47933D00A4B1B8 /* Products */;
			projectDirPath = "";
			projectRoot = "";
			targets = (
				21D97DC32D47933D00A4B1B8 /* MyPlaces */,
				21D97DD52D47933E00A4B1B8 /* MyPlacesTests */,
				21D97DDF2D47933E00A4B1B8 /* MyPlacesUITests */,
			);
		};
/* End PBXProject section */

/* Begin PBXResourcesBuildPhase section */
		21D97DC22D47933D00A4B1B8 /* Resources */ = {
			isa = PBXResourcesBuildPhase;
			buildActionMask = 2147483647;
			files = (
			);
			runOnlyForDeploymentPostprocessing = 0;
		};
		21D97DD42D47933E00A4B1B8 /* Resources */ = {
			isa = PBXResourcesBuildPhase;
			buildActionMask = 2147483647;
			files = (
			);
			runOnlyForDeploymentPostprocessing = 0;
		};
		21D97DDE2D47933E00A4B1B8 /* Resources */ = {
			isa = PBXResourcesBuildPhase;
			buildActionMask = 2147483647;
			files = (
			);
			runOnlyForDeploymentPostprocessing = 0;
		};
/* End PBXResourcesBuildPhase section */

/* Begin PBXSourcesBuildPhase section */
		21D97DC02D47933D00A4B1B8 /* Sources */ = {
			isa = PBXSourcesBuildPhase;
			buildActionMask = 2147483647;
			files = (
			);
			runOnlyForDeploymentPostprocessing = 0;
		};
		21D97DD22D47933E00A4B1B8 /* Sources */ = {
			isa = PBXSourcesBuildPhase;
			buildActionMask = 2147483647;
			files = (
			);
			runOnlyForDeploymentPostprocessing = 0;
		};
		21D97DDC2D47933E00A4B1B8 /* Sources */ = {
			isa = PBXSourcesBuildPhase;
			buildActionMask = 2147483647;
			files = (
			);
			runOnlyForDeploymentPostprocessing = 0;
		};
/* End PBXSourcesBuildPhase section */

/* Begin PBXTargetDependency section */
		21D97DD82D47933E00A4B1B8 /* PBXTargetDependency */ = {
			isa = PBXTargetDependency;
			target = 21D97DC32D47933D00A4B1B8 /* MyPlaces */;
			targetProxy = 21D97DD72D47933E00A4B1B8 /* PBXContainerItemProxy */;
		};
		21D97DE22D47933E00A4B1B8 /* PBXTargetDependency */ = {
			isa = PBXTargetDependency;
			target = 21D97DC32D47933D00A4B1B8 /* MyPlaces */;
			targetProxy = 21D97DE12D47933E00A4B1B8 /* PBXContainerItemProxy */;
		};
/* End PBXTargetDependency section */

/* Begin XCBuildConfiguration section */
		21D97DE82D47933E00A4B1B8 /* Debug */ = {
			isa = XCBuildConfiguration;
			buildSettings = {
				ALWAYS_SEARCH_USER_PATHS = NO;
				ASSETCATALOG_COMPILER_GENERATE_SWIFT_ASSET_SYMBOL_EXTENSIONS = YES;
				CLANG_ANALYZER_NONNULL = YES;
				CLANG_ANALYZER_NUMBER_OBJECT_CONVERSION = YES_AGGRESSIVE;
				CLANG_CXX_LANGUAGE_STANDARD = "gnu++20";
				CLANG_ENABLE_MODULES = YES;
				CLANG_ENABLE_OBJC_ARC = YES;
				CLANG_ENABLE_OBJC_WEAK = YES;
				CLANG_WARN_BLOCK_CAPTURE_AUTORELEASING = YES;
				CLANG_WARN_BOOL_CONVERSION = YES;
				CLANG_WARN_COMMA = YES;
				CLANG_WARN_CONSTANT_CONVERSION = YES;
				CLANG_WARN_DEPRECATED_OBJC_IMPLEMENTATIONS = YES;
				CLANG_WARN_DIRECT_OBJC_ISA_USAGE = YES_ERROR;
				CLANG_WARN_DOCUMENTATION_COMMENTS = YES;
				CLANG_WARN_EMPTY_BODY = YES;
				CLANG_WARN_ENUM_CONVERSION = YES;
				CLANG_WARN_INFINITE_RECURSION = YES;
				CLANG_WARN_INT_CONVERSION = YES;
				CLANG_WARN_NON_LITERAL_NULL_CONVERSION = YES;
				CLANG_WARN_OBJC_IMPLICIT_RETAIN_SELF = YES;
				CLANG_WARN_OBJC_LITERAL_CONVERSION = YES;
				CLANG_WARN_OBJC_ROOT_CLASS = YES_ERROR;
				CLANG_WARN_QUOTED_INCLUDE_IN_FRAMEWORK_HEADER = YES;
				CLANG_WARN_RANGE_LOOP_ANALYSIS = YES;
				CLANG_WARN_STRICT_PROTOTYPES = YES;
				CLANG_WARN_SUSPICIOUS_MOVE = YES;
				CLANG_WARN_UNGUARDED_AVAILABILITY = YES_AGGRESSIVE;
				CLANG_WARN_UNREACHABLE_CODE = YES;
				CLANG_WARN__DUPLICATE_METHOD_MATCH = YES;
				COPY_PHASE_STRIP = NO;
				DEBUG_INFORMATION_FORMAT = dwarf;
				DEVELOPMENT_TEAM = D7K89D52HL;
				ENABLE_STRICT_OBJC_MSGSEND = YES;
				ENABLE_TESTABILITY = YES;
				ENABLE_USER_SCRIPT_SANDBOXING = YES;
				GCC_C_LANGUAGE_STANDARD = gnu17;
				GCC_DYNAMIC_NO_PIC = NO;
				GCC_NO_COMMON_BLOCKS = YES;
				GCC_OPTIMIZATION_LEVEL = 0;
				GCC_PREPROCESSOR_DEFINITIONS = (
					"DEBUG=1",
					"$(inherited)",
				);
				GCC_WARN_64_TO_32_BIT_CONVERSION = YES;
				GCC_WARN_ABOUT_RETURN_TYPE = YES_ERROR;
				GCC_WARN_UNDECLARED_SELECTOR = YES;
				GCC_WARN_UNINITIALIZED_AUTOS = YES_AGGRESSIVE;
				GCC_WARN_UNUSED_FUNCTION = YES;
				GCC_WARN_UNUSED_VARIABLE = YES;
				IPHONEOS_DEPLOYMENT_TARGET = 18.2;
				LOCALIZATION_PREFERS_STRING_CATALOGS = YES;
				MTL_ENABLE_DEBUG_INFO = INCLUDE_SOURCE;
				MTL_FAST_MATH = YES;
				ONLY_ACTIVE_ARCH = YES;
				SDKROOT = iphoneos;
				SWIFT_ACTIVE_COMPILATION_CONDITIONS = "DEBUG $(inherited)";
				SWIFT_OPTIMIZATION_LEVEL = "-Onone";
			};
			name = Debug;
		};
		21D97DE92D47933E00A4B1B8 /* Release */ = {
			isa = XCBuildConfiguration;
			buildSettings = {
				ALWAYS_SEARCH_USER_PATHS = NO;
				ASSETCATALOG_COMPILER_GENERATE_SWIFT_ASSET_SYMBOL_EXTENSIONS = YES;
				CLANG_ANALYZER_NONNULL = YES;
				CLANG_ANALYZER_NUMBER_OBJECT_CONVERSION = YES_AGGRESSIVE;
				CLANG_CXX_LANGUAGE_STANDARD = "gnu++20";
				CLANG_ENABLE_MODULES = YES;
				CLANG_ENABLE_OBJC_ARC = YES;
				CLANG_ENABLE_OBJC_WEAK = YES;
				CLANG_WARN_BLOCK_CAPTURE_AUTORELEASING = YES;
				CLANG_WARN_BOOL_CONVERSION = YES;
				CLANG_WARN_COMMA = YES;
				CLANG_WARN_CONSTANT_CONVERSION = YES;
				CLANG_WARN_DEPRECATED_OBJC_IMPLEMENTATIONS = YES;
				CLANG_WARN_DIRECT_OBJC_ISA_USAGE = YES_ERROR;
				CLANG_WARN_DOCUMENTATION_COMMENTS = YES;
				CLANG_WARN_EMPTY_BODY = YES;
				CLANG_WARN_ENUM_CONVERSION = YES;
				CLANG_WARN_INFINITE_RECURSION = YES;
				CLANG_WARN_INT_CONVERSION = YES;
				CLANG_WARN_NON_LITERAL_NULL_CONVERSION = YES;
				CLANG_WARN_OBJC_IMPLICIT_RETAIN_SELF = YES;
				CLANG_WARN_OBJC_LITERAL_CONVERSION = YES;
				CLANG_WARN_OBJC_ROOT_CLASS = YES_ERROR;
				CLANG_WARN_QUOTED_INCLUDE_IN_FRAMEWORK_HEADER = YES;
				CLANG_WARN_RANGE_LOOP_ANALYSIS = YES;
				CLANG_WARN_STRICT_PROTOTYPES = YES;
				CLANG_WARN_SUSPICIOUS_MOVE = YES;
				CLANG_WARN_UNGUARDED_AVAILABILITY = YES_AGGRESSIVE;
				CLANG_WARN_UNREACHABLE_CODE = YES;
				CLANG_WARN__DUPLICATE_METHOD_MATCH = YES;
				COPY_PHASE_STRIP = NO;
				DEBUG_INFORMATION_FORMAT = "dwarf-with-dsym";
				DEVELOPMENT_TEAM = D7K89D52HL;
				ENABLE_NS_ASSERTIONS = NO;
				ENABLE_STRICT_OBJC_MSGSEND = YES;
				ENABLE_USER_SCRIPT_SANDBOXING = YES;
				GCC_C_LANGUAGE_STANDARD = gnu17;
				GCC_NO_COMMON_BLOCKS = YES;
				GCC_WARN_64_TO_32_BIT_CONVERSION = YES;
				GCC_WARN_ABOUT_RETURN_TYPE = YES_ERROR;
				GCC_WARN_UNDECLARED_SELECTOR = YES;
				GCC_WARN_UNINITIALIZED_AUTOS = YES_AGGRESSIVE;
				GCC_WARN_UNUSED_FUNCTION = YES;
				GCC_WARN_UNUSED_VARIABLE = YES;
				IPHONEOS_DEPLOYMENT_TARGET = 18.2;
				LOCALIZATION_PREFERS_STRING_CATALOGS = YES;
				MTL_ENABLE_DEBUG_INFO = NO;
				MTL_FAST_MATH = YES;
				SDKROOT = iphoneos;
				SWIFT_COMPILATION_MODE = wholemodule;
				VALIDATE_PRODUCT = YES;
			};
			name = Release;
		};
		21D97DEB2D47933E00A4B1B8 /* Debug */ = {
			isa = XCBuildConfiguration;
			buildSettings = {
				ASSETCATALOG_COMPILER_APPICON_NAME = AppIcon;
				ASSETCATALOG_COMPILER_GLOBAL_ACCENT_COLOR_NAME = AccentColor;
				CODE_SIGN_STYLE = Automatic;
				CURRENT_PROJECT_VERSION = 1;
				DEVELOPMENT_ASSET_PATHS = "\"MyPlaces/Preview Content\"";
				ENABLE_PREVIEWS = YES;
				GENERATE_INFOPLIST_FILE = YES;
				INFOPLIST_KEY_NSLocationWhenInUseUsageDescription = "$(PRODUCT_NAME)";
				INFOPLIST_KEY_UIApplicationSceneManifest_Generation = YES;
				INFOPLIST_KEY_UIApplicationSupportsIndirectInputEvents = YES;
				INFOPLIST_KEY_UILaunchScreen_Generation = YES;
				INFOPLIST_KEY_UISupportedInterfaceOrientations_iPad = "UIInterfaceOrientationPortrait UIInterfaceOrientationPortraitUpsideDown UIInterfaceOrientationLandscapeLeft UIInterfaceOrientationLandscapeRight";
				INFOPLIST_KEY_UISupportedInterfaceOrientations_iPhone = "UIInterfaceOrientationPortrait UIInterfaceOrientationLandscapeLeft UIInterfaceOrientationLandscapeRight";
				LD_RUNPATH_SEARCH_PATHS = (
					"$(inherited)",
					"@executable_path/Frameworks",
				);
				MARKETING_VERSION = 1.0;
				PRODUCT_BUNDLE_IDENTIFIER = jonguler.com.MyPlaces;
				PRODUCT_NAME = "$(TARGET_NAME)";
				SWIFT_EMIT_LOC_STRINGS = YES;
				SWIFT_VERSION = 5.0;
				TARGETED_DEVICE_FAMILY = "1,2";
			};
			name = Debug;
		};
		21D97DEC2D47933E00A4B1B8 /* Release */ = {
			isa = XCBuildConfiguration;
			buildSettings = {
				ASSETCATALOG_COMPILER_APPICON_NAME = AppIcon;
				ASSETCATALOG_COMPILER_GLOBAL_ACCENT_COLOR_NAME = AccentColor;
				CODE_SIGN_STYLE = Automatic;
				CURRENT_PROJECT_VERSION = 1;
				DEVELOPMENT_ASSET_PATHS = "\"MyPlaces/Preview Content\"";
				ENABLE_PREVIEWS = YES;
				GENERATE_INFOPLIST_FILE = YES;
				INFOPLIST_KEY_NSLocationWhenInUseUsageDescription = "$(PRODUCT_NAME)";
				INFOPLIST_KEY_UIApplicationSceneManifest_Generation = YES;
				INFOPLIST_KEY_UIApplicationSupportsIndirectInputEvents = YES;
				INFOPLIST_KEY_UILaunchScreen_Generation = YES;
				INFOPLIST_KEY_UISupportedInterfaceOrientations_iPad = "UIInterfaceOrientationPortrait UIInterfaceOrientationPortraitUpsideDown UIInterfaceOrientationLandscapeLeft UIInterfaceOrientationLandscapeRight";
				INFOPLIST_KEY_UISupportedInterfaceOrientations_iPhone = "UIInterfaceOrientationPortrait UIInterfaceOrientationLandscapeLeft UIInterfaceOrientationLandscapeRight";
				LD_RUNPATH_SEARCH_PATHS = (
					"$(inherited)",
					"@executable_path/Frameworks",
				);
				MARKETING_VERSION = 1.0;
				PRODUCT_BUNDLE_IDENTIFIER = jonguler.com.MyPlaces;
				PRODUCT_NAME = "$(TARGET_NAME)";
				SWIFT_EMIT_LOC_STRINGS = YES;
				SWIFT_VERSION = 5.0;
				TARGETED_DEVICE_FAMILY = "1,2";
			};
			name = Release;
		};
		21D97DEE2D47933E00A4B1B8 /* Debug */ = {
			isa = XCBuildConfiguration;
			buildSettings = {
				BUNDLE_LOADER = "$(TEST_HOST)";
				CODE_SIGN_STYLE = Automatic;
				CURRENT_PROJECT_VERSION = 1;
				GENERATE_INFOPLIST_FILE = YES;
				IPHONEOS_DEPLOYMENT_TARGET = 18.2;
				MARKETING_VERSION = 1.0;
				PRODUCT_BUNDLE_IDENTIFIER = jonguler.com.MyPlacesTests;
				PRODUCT_NAME = "$(TARGET_NAME)";
				SWIFT_EMIT_LOC_STRINGS = NO;
				SWIFT_VERSION = 5.0;
				TARGETED_DEVICE_FAMILY = "1,2";
				TEST_HOST = "$(BUILT_PRODUCTS_DIR)/MyPlaces.app/$(BUNDLE_EXECUTABLE_FOLDER_PATH)/MyPlaces";
			};
			name = Debug;
		};
		21D97DEF2D47933E00A4B1B8 /* Release */ = {
			isa = XCBuildConfiguration;
			buildSettings = {
				BUNDLE_LOADER = "$(TEST_HOST)";
				CODE_SIGN_STYLE = Automatic;
				CURRENT_PROJECT_VERSION = 1;
				GENERATE_INFOPLIST_FILE = YES;
				IPHONEOS_DEPLOYMENT_TARGET = 18.2;
				MARKETING_VERSION = 1.0;
				PRODUCT_BUNDLE_IDENTIFIER = jonguler.com.MyPlacesTests;
				PRODUCT_NAME = "$(TARGET_NAME)";
				SWIFT_EMIT_LOC_STRINGS = NO;
				SWIFT_VERSION = 5.0;
				TARGETED_DEVICE_FAMILY = "1,2";
				TEST_HOST = "$(BUILT_PRODUCTS_DIR)/MyPlaces.app/$(BUNDLE_EXECUTABLE_FOLDER_PATH)/MyPlaces";
			};
			name = Release;
		};
		21D97DF12D47933E00A4B1B8 /* Debug */ = {
			isa = XCBuildConfiguration;
			buildSettings = {
				CODE_SIGN_STYLE = Automatic;
				CURRENT_PROJECT_VERSION = 1;
				GENERATE_INFOPLIST_FILE = YES;
				MARKETING_VERSION = 1.0;
				PRODUCT_BUNDLE_IDENTIFIER = jonguler.com.MyPlacesUITests;
				PRODUCT_NAME = "$(TARGET_NAME)";
				SWIFT_EMIT_LOC_STRINGS = NO;
				SWIFT_VERSION = 5.0;
				TARGETED_DEVICE_FAMILY = "1,2";
				TEST_TARGET_NAME = MyPlaces;
			};
			name = Debug;
		};
		21D97DF22D47933E00A4B1B8 /* Release */ = {
			isa = XCBuildConfiguration;
			buildSettings = {
				CODE_SIGN_STYLE = Automatic;
				CURRENT_PROJECT_VERSION = 1;
				GENERATE_INFOPLIST_FILE = YES;
				MARKETING_VERSION = 1.0;
				PRODUCT_BUNDLE_IDENTIFIER = jonguler.com.MyPlacesUITests;
				PRODUCT_NAME = "$(TARGET_NAME)";
				SWIFT_EMIT_LOC_STRINGS = NO;
				SWIFT_VERSION = 5.0;
				TARGETED_DEVICE_FAMILY = "1,2";
				TEST_TARGET_NAME = MyPlaces;
			};
			name = Release;
		};
/* End XCBuildConfiguration section */

/* Begin XCConfigurationList section */
		21D97DBF2D47933D00A4B1B8 /* Build configuration list for PBXProject "MyPlaces" */ = {
			isa = XCConfigurationList;
			buildConfigurations = (
				21D97DE82D47933E00A4B1B8 /* Debug */,
				21D97DE92D47933E00A4B1B8 /* Release */,
			);
			defaultConfigurationIsVisible = 0;
			defaultConfigurationName = Release;
		};
		21D97DEA2D47933E00A4B1B8 /* Build configuration list for PBXNativeTarget "MyPlaces" */ = {
			isa = XCConfigurationList;
			buildConfigurations = (
				21D97DEB2D47933E00A4B1B8 /* Debug */,
				21D97DEC2D47933E00A4B1B8 /* Release */,
			);
			defaultConfigurationIsVisible = 0;
			defaultConfigurationName = Release;
		};
		21D97DED2D47933E00A4B1B8 /* Build configuration list for PBXNativeTarget "MyPlacesTests" */ = {
			isa = XCConfigurationList;
			buildConfigurations = (
				21D97DEE2D47933E00A4B1B8 /* Debug */,
				21D97DEF2D47933E00A4B1B8 /* Release */,
			);
			defaultConfigurationIsVisible = 0;
			defaultConfigurationName = Release;
		};
		21D97DF02D47933E00A4B1B8 /* Build configuration list for PBXNativeTarget "MyPlacesUITests" */ = {
			isa = XCConfigurationList;
			buildConfigurations = (
				21D97DF12D47933E00A4B1B8 /* Debug */,
				21D97DF22D47933E00A4B1B8 /* Release */,
			);
			defaultConfigurationIsVisible = 0;
			defaultConfigurationName = Release;
		};
/* End XCConfigurationList section */

/* Begin XCRemoteSwiftPackageReference section */
		21C97C292D6F17DB00E6D0C8 /* XCRemoteSwiftPackageReference "sdk" */ = {
			isa = XCRemoteSwiftPackageReference;
			repositoryURL = "https://github.com/open-meteo/sdk.git";
			requirement = {
				kind = upToNextMajorVersion;
				minimumVersion = 1.5.0;
			};
		};
		21C97C322D6F559200E6D0C8 /* XCRemoteSwiftPackageReference "arcgis-maps-sdk-swift-toolkit" */ = {
			isa = XCRemoteSwiftPackageReference;
			repositoryURL = "https://github.com/Esri/arcgis-maps-sdk-swift-toolkit";
			requirement = {
				kind = upToNextMajorVersion;
				minimumVersion = 200.6.0;
			};
		};
		21D97DF32D4793F000A4B1B8 /* XCRemoteSwiftPackageReference "arcgis-maps-sdk-swift" */ = {
			isa = XCRemoteSwiftPackageReference;
			repositoryURL = "https://github.com/Esri/arcgis-maps-sdk-swift";
			requirement = {
				kind = upToNextMajorVersion;
				minimumVersion = 200.6.0;
			};
		};
/* End XCRemoteSwiftPackageReference section */

/* Begin XCSwiftPackageProductDependency section */
		21C97C2A2D6F17DB00E6D0C8 /* OpenMeteoSdk */ = {
			isa = XCSwiftPackageProductDependency;
			package = 21C97C292D6F17DB00E6D0C8 /* XCRemoteSwiftPackageReference "sdk" */;
			productName = OpenMeteoSdk;
		};
		21C97C332D6F559200E6D0C8 /* ArcGISToolkit */ = {
			isa = XCSwiftPackageProductDependency;
			package = 21C97C322D6F559200E6D0C8 /* XCRemoteSwiftPackageReference "arcgis-maps-sdk-swift-toolkit" */;
			productName = ArcGISToolkit;
		};
		21D97DF42D4793F000A4B1B8 /* ArcGIS */ = {
			isa = XCSwiftPackageProductDependency;
			package = 21D97DF32D4793F000A4B1B8 /* XCRemoteSwiftPackageReference "arcgis-maps-sdk-swift" */;
			productName = ArcGIS;
		};
/* End XCSwiftPackageProductDependency section */
	};
	rootObject = 21D97DBC2D47933D00A4B1B8 /* Project object */;
}
